
Microsoft Visual Studio Solution File, Format Version 12.00
# Visual Studio 15
VisualStudioVersion = 15.0.27130.2036
MinimumVisualStudioVersion = 10.0.40219.1
Project("{FAE04EC0-301F-11D3-BF4B-00C04F79EFBC}") = "FileServer", "FileServer\FileServer.csproj", "{D24D499A-3E32-4CFC-942D-2589ECE8B008}"
EndProject
Global
	GlobalSection(SolutionConfigurationPlatforms) = preSolution
		Debug|Any CPU = Debug|Any CPU
		Release|Any CPU = Release|Any CPU
	EndGlobalSection
	GlobalSection(ProjectConfigurationPlatforms) = postSolution
		{D24D499A-3E32-4CFC-942D-2589ECE8B008}.Debug|Any CPU.ActiveCfg = Debug|Any CPU
		{D24D499A-3E32-4CFC-942D-2589ECE8B008}.Debug|Any CPU.Build.0 = Debug|Any CPU
		{D24D499A-3E32-4CFC-942D-2589ECE8B008}.Release|Any CPU.ActiveCfg = Release|Any CPU
		{D24D499A-3E32-4CFC-942D-2589ECE8B008}.Release|Any CPU.Build.0 = Release|Any CPU
	EndGlobalSection
	GlobalSection(SolutionProperties) = preSolution
		HideSolutionNode = FALSE
	EndGlobalSection
	GlobalSection(ExtensibilityGlobals) = postSolution
		SolutionGuid = {9DD18F6C-8288-4889-87F8-8B3B899AB2EE}
	EndGlobalSection
EndGlobal
